
Microsoft Visual Studio Solution File, Format Version 12.00
# Visual Studio Version 16
VisualStudioVersion = 16.0.30011.22
MinimumVisualStudioVersion = 15.0.26124.0
Project("{9A19103F-16F7-4668-BE54-9A1E7A4F7556}") = "StartUp", "StartUp\StartUp.csproj", "{C5879D42-D0FE-44D1-82A2-DBF8A43517EC}"
EndProject
Project("{9A19103F-16F7-4668-BE54-9A1E7A4F7556}") = "Entities", "Entities\Entities.csproj", "{08DF9FC7-ED05-4A06-9A8C-6029D776E503}"
EndProject
Project("{9A19103F-16F7-4668-BE54-9A1E7A4F7556}") = "Takker.Utilities", "Utilities\Takker.Utilities.csproj", "{34908D61-A419-4FA0-97AB-FD093123F648}"
EndProject
Project("{9A19103F-16F7-4668-BE54-9A1E7A4F7556}") = "Sample7.DataAccess", "DataAccess\Sample7.DataAccess.csproj", "{7A15B134-172B-436B-B725-2659BFD08D79}"
EndProject
Project("{9A19103F-16F7-4668-BE54-9A1E7A4F7556}") = "Takker.DBAccess", "DBAccess\Takker.DBAccess.csproj", "{6964C823-5277-4125-9A88-822247295D2B}"
EndProject
Project("{9A19103F-16F7-4668-BE54-9A1E7A4F7556}") = "Service", "Service\Service.csproj", "{83B75556-3EBA-44CA-BBD8-BFA93609A2D8}"
EndProject
Project("{2150E333-8FDC-42A3-9474-1A3956D46DE8}") = "Solution Items", "Solution Items", "{A45B94D0-73BC-4CD5-84F7-B94F27C10A83}"
	ProjectSection(SolutionItems) = preProject
		.editorconfig = .editorconfig
	EndProjectSection
EndProject
Project("{9A19103F-16F7-4668-BE54-9A1E7A4F7556}") = "Behaviors", "Behaviors\Behaviors.csproj", "{B1D6A388-44CD-4063-B7C0-F4F0998E66B1}"
EndProject
Project("{9A19103F-16F7-4668-BE54-9A1E7A4F7556}") = "Takker.Win32Api", "Win32Api\Takker.Win32Api.csproj", "{BCF092DD-0ABC-43A6-9632-22D92F83595A}"
EndProject
Project("{9A19103F-16F7-4668-BE54-9A1E7A4F7556}") = "Takker.DBAccess.SQLite", "DBAccess.SQLite\Takker.DBAccess.SQLite.csproj", "{096796A7-9DF8-423E-810A-D05F60117E41}"
	ProjectSection(ProjectDependencies) = postProject
		{308C258A-677F-4A62-B351-051734B10049} = {308C258A-677F-4A62-B351-051734B10049}
	EndProjectSection
EndProject
Project("{9A19103F-16F7-4668-BE54-9A1E7A4F7556}") = "Takker.DBAccess.Connection", "DBAccess.Helper\Takker.DBAccess.Connection.csproj", "{308C258A-677F-4A62-B351-051734B10049}"
EndProject
Project("{9A19103F-16F7-4668-BE54-9A1E7A4F7556}") = "Takker.DBAccess.Factory", "DBAccess.Factory\Takker.DBAccess.Factory.csproj", "{98A3D518-6CBD-4F4F-A931-06A3CDF486B7}"
EndProject
Project("{9A19103F-16F7-4668-BE54-9A1E7A4F7556}") = "Console", "Console\Console.csproj", "{864B7251-5559-487A-BC40-0A05CD86B048}"
EndProject
Project("{FAE04EC0-301F-11D3-BF4B-00C04F79EFBC}") = "Sample7.Regions", "Sample7.Regions\Sample7.Regions.csproj", "{63C681C2-865B-42AD-9D3F-177BFD76B6A4}"
EndProject
Project("{FAE04EC0-301F-11D3-BF4B-00C04F79EFBC}") = "Takker.Setting", "Takker.Setting\Takker.Setting.csproj", "{3C4A54CE-308D-4D37-A3B7-D118CF37C9A1}"
EndProject
Project("{FAE04EC0-301F-11D3-BF4B-00C04F79EFBC}") = "Sample7.Setting", "Sample7.Setting\Sample7.Setting.csproj", "{41109AEA-F5B0-4C3B-B17E-F82D84C0F821}"
EndProject
Project("{FAE04EC0-301F-11D3-BF4B-00C04F79EFBC}") = "Sample7.TaskListPanel", "Sample7.TaskListPanel\Sample7.TaskListPanel.csproj", "{73CADAFD-DCB9-49A5-9F0D-881F7E3C5A97}"
EndProject
Global
	GlobalSection(SolutionConfigurationPlatforms) = preSolution
		Debug|Any CPU = Debug|Any CPU
		Debug|x64 = Debug|x64
		Debug|x86 = Debug|x86
		Release|Any CPU = Release|Any CPU
		Release|x64 = Release|x64
		Release|x86 = Release|x86
	EndGlobalSection
	GlobalSection(ProjectConfigurationPlatforms) = postSolution
		{C5879D42-D0FE-44D1-82A2-DBF8A43517EC}.Debug|Any CPU.ActiveCfg = Debug|Any CPU
		{C5879D42-D0FE-44D1-82A2-DBF8A43517EC}.Debug|Any CPU.Build.0 = Debug|Any CPU
		{C5879D42-D0FE-44D1-82A2-DBF8A43517EC}.Debug|x64.ActiveCfg = Debug|Any CPU
		{C5879D42-D0FE-44D1-82A2-DBF8A43517EC}.Debug|x64.Build.0 = Debug|Any CPU
		{C5879D42-D0FE-44D1-82A2-DBF8A43517EC}.Debug|x86.ActiveCfg = Debug|Any CPU
		{C5879D42-D0FE-44D1-82A2-DBF8A43517EC}.Debug|x86.Build.0 = Debug|Any CPU
		{C5879D42-D0FE-44D1-82A2-DBF8A43517EC}.Release|Any CPU.ActiveCfg = Release|Any CPU
		{C5879D42-D0FE-44D1-82A2-DBF8A43517EC}.Release|Any CPU.Build.0 = Release|Any CPU
		{C5879D42-D0FE-44D1-82A2-DBF8A43517EC}.Release|x64.ActiveCfg = Release|Any CPU
		{C5879D42-D0FE-44D1-82A2-DBF8A43517EC}.Release|x64.Build.0 = Release|Any CPU
		{C5879D42-D0FE-44D1-82A2-DBF8A43517EC}.Release|x86.ActiveCfg = Release|Any CPU
		{C5879D42-D0FE-44D1-82A2-DBF8A43517EC}.Release|x86.Build.0 = Release|Any CPU
		{08DF9FC7-ED05-4A06-9A8C-6029D776E503}.Debug|Any CPU.ActiveCfg = Debug|Any CPU
		{08DF9FC7-ED05-4A06-9A8C-6029D776E503}.Debug|Any CPU.Build.0 = Debug|Any CPU
		{08DF9FC7-ED05-4A06-9A8C-6029D776E503}.Debug|x64.ActiveCfg = Debug|Any CPU
		{08DF9FC7-ED05-4A06-9A8C-6029D776E503}.Debug|x64.Build.0 = Debug|Any CPU
		{08DF9FC7-ED05-4A06-9A8C-6029D776E503}.Debug|x86.ActiveCfg = Debug|Any CPU
		{08DF9FC7-ED05-4A06-9A8C-6029D776E503}.Debug|x86.Build.0 = Debug|Any CPU
		{08DF9FC7-ED05-4A06-9A8C-6029D776E503}.Release|Any CPU.ActiveCfg = Release|Any CPU
		{08DF9FC7-ED05-4A06-9A8C-6029D776E503}.Release|Any CPU.Build.0 = Release|Any CPU
		{08DF9FC7-ED05-4A06-9A8C-6029D776E503}.Release|x64.ActiveCfg = Release|Any CPU
		{08DF9FC7-ED05-4A06-9A8C-6029D776E503}.Release|x64.Build.0 = Release|Any CPU
		{08DF9FC7-ED05-4A06-9A8C-6029D776E503}.Release|x86.ActiveCfg = Release|Any CPU
		{08DF9FC7-ED05-4A06-9A8C-6029D776E503}.Release|x86.Build.0 = Release|Any CPU
		{34908D61-A419-4FA0-97AB-FD093123F648}.Debug|Any CPU.ActiveCfg = Debug|Any CPU
		{34908D61-A419-4FA0-97AB-FD093123F648}.Debug|Any CPU.Build.0 = Debug|Any CPU
		{34908D61-A419-4FA0-97AB-FD093123F648}.Debug|x64.ActiveCfg = Debug|Any CPU
		{34908D61-A419-4FA0-97AB-FD093123F648}.Debug|x64.Build.0 = Debug|Any CPU
		{34908D61-A419-4FA0-97AB-FD093123F648}.Debug|x86.ActiveCfg = Debug|Any CPU
		{34908D61-A419-4FA0-97AB-FD093123F648}.Debug|x86.Build.0 = Debug|Any CPU
		{34908D61-A419-4FA0-97AB-FD093123F648}.Release|Any CPU.ActiveCfg = Release|Any CPU
		{34908D61-A419-4FA0-97AB-FD093123F648}.Release|Any CPU.Build.0 = Release|Any CPU
		{34908D61-A419-4FA0-97AB-FD093123F648}.Release|x64.ActiveCfg = Release|Any CPU
		{34908D61-A419-4FA0-97AB-FD093123F648}.Release|x64.Build.0 = Release|Any CPU
		{34908D61-A419-4FA0-97AB-FD093123F648}.Release|x86.ActiveCfg = Release|Any CPU
		{34908D61-A419-4FA0-97AB-FD093123F648}.Release|x86.Build.0 = Release|Any CPU
		{7A15B134-172B-436B-B725-2659BFD08D79}.Debug|Any CPU.ActiveCfg = Debug|Any CPU
		{7A15B134-172B-436B-B725-2659BFD08D79}.Debug|Any CPU.Build.0 = Debug|Any CPU
		{7A15B134-172B-436B-B725-2659BFD08D79}.Debug|x64.ActiveCfg = Debug|Any CPU
		{7A15B134-172B-436B-B725-2659BFD08D79}.Debug|x64.Build.0 = Debug|Any CPU
		{7A15B134-172B-436B-B725-2659BFD08D79}.Debug|x86.ActiveCfg = Debug|Any CPU
		{7A15B134-172B-436B-B725-2659BFD08D79}.Debug|x86.Build.0 = Debug|Any CPU
		{7A15B134-172B-436B-B725-2659BFD08D79}.Release|Any CPU.ActiveCfg = Release|Any CPU
		{7A15B134-172B-436B-B725-2659BFD08D79}.Release|Any CPU.Build.0 = Release|Any CPU
		{7A15B134-172B-436B-B725-2659BFD08D79}.Release|x64.ActiveCfg = Release|Any CPU
		{7A15B134-172B-436B-B725-2659BFD08D79}.Release|x64.Build.0 = Release|Any CPU
		{7A15B134-172B-436B-B725-2659BFD08D79}.Release|x86.ActiveCfg = Release|Any CPU
		{7A15B134-172B-436B-B725-2659BFD08D79}.Release|x86.Build.0 = Release|Any CPU
		{6964C823-5277-4125-9A88-822247295D2B}.Debug|Any CPU.ActiveCfg = Debug|Any CPU
		{6964C823-5277-4125-9A88-822247295D2B}.Debug|Any CPU.Build.0 = Debug|Any CPU
		{6964C823-5277-4125-9A88-822247295D2B}.Debug|x64.ActiveCfg = Debug|Any CPU
		{6964C823-5277-4125-9A88-822247295D2B}.Debug|x64.Build.0 = Debug|Any CPU
		{6964C823-5277-4125-9A88-822247295D2B}.Debug|x86.ActiveCfg = Debug|Any CPU
		{6964C823-5277-4125-9A88-822247295D2B}.Debug|x86.Build.0 = Debug|Any CPU
		{6964C823-5277-4125-9A88-822247295D2B}.Release|Any CPU.ActiveCfg = Release|Any CPU
		{6964C823-5277-4125-9A88-822247295D2B}.Release|Any CPU.Build.0 = Release|Any CPU
		{6964C823-5277-4125-9A88-822247295D2B}.Release|x64.ActiveCfg = Release|Any CPU
		{6964C823-5277-4125-9A88-822247295D2B}.Release|x64.Build.0 = Release|Any CPU
		{6964C823-5277-4125-9A88-822247295D2B}.Release|x86.ActiveCfg = Release|Any CPU
		{6964C823-5277-4125-9A88-822247295D2B}.Release|x86.Build.0 = Release|Any CPU
		{83B75556-3EBA-44CA-BBD8-BFA93609A2D8}.Debug|Any CPU.ActiveCfg = Debug|Any CPU
		{83B75556-3EBA-44CA-BBD8-BFA93609A2D8}.Debug|Any CPU.Build.0 = Debug|Any CPU
		{83B75556-3EBA-44CA-BBD8-BFA93609A2D8}.Debug|x64.ActiveCfg = Debug|Any CPU
		{83B75556-3EBA-44CA-BBD8-BFA93609A2D8}.Debug|x64.Build.0 = Debug|Any CPU
		{83B75556-3EBA-44CA-BBD8-BFA93609A2D8}.Debug|x86.ActiveCfg = Debug|Any CPU
		{83B75556-3EBA-44CA-BBD8-BFA93609A2D8}.Debug|x86.Build.0 = Debug|Any CPU
		{83B75556-3EBA-44CA-BBD8-BFA93609A2D8}.Release|Any CPU.ActiveCfg = Release|Any CPU
		{83B75556-3EBA-44CA-BBD8-BFA93609A2D8}.Release|Any CPU.Build.0 = Release|Any CPU
		{83B75556-3EBA-44CA-BBD8-BFA93609A2D8}.Release|x64.ActiveCfg = Release|Any CPU
		{83B75556-3EBA-44CA-BBD8-BFA93609A2D8}.Release|x64.Build.0 = Release|Any CPU
		{83B75556-3EBA-44CA-BBD8-BFA93609A2D8}.Release|x86.ActiveCfg = Release|Any CPU
		{83B75556-3EBA-44CA-BBD8-BFA93609A2D8}.Release|x86.Build.0 = Release|Any CPU
		{B1D6A388-44CD-4063-B7C0-F4F0998E66B1}.Debug|Any CPU.ActiveCfg = Debug|Any CPU
		{B1D6A388-44CD-4063-B7C0-F4F0998E66B1}.Debug|Any CPU.Build.0 = Debug|Any CPU
		{B1D6A388-44CD-4063-B7C0-F4F0998E66B1}.Debug|x64.ActiveCfg = Debug|Any CPU
		{B1D6A388-44CD-4063-B7C0-F4F0998E66B1}.Debug|x64.Build.0 = Debug|Any CPU
		{B1D6A388-44CD-4063-B7C0-F4F0998E66B1}.Debug|x86.ActiveCfg = Debug|Any CPU
		{B1D6A388-44CD-4063-B7C0-F4F0998E66B1}.Debug|x86.Build.0 = Debug|Any CPU
		{B1D6A388-44CD-4063-B7C0-F4F0998E66B1}.Release|Any CPU.ActiveCfg = Release|Any CPU
		{B1D6A388-44CD-4063-B7C0-F4F0998E66B1}.Release|Any CPU.Build.0 = Release|Any CPU
		{B1D6A388-44CD-4063-B7C0-F4F0998E66B1}.Release|x64.ActiveCfg = Release|Any CPU
		{B1D6A388-44CD-4063-B7C0-F4F0998E66B1}.Release|x64.Build.0 = Release|Any CPU
		{B1D6A388-44CD-4063-B7C0-F4F0998E66B1}.Release|x86.ActiveCfg = Release|Any CPU
		{B1D6A388-44CD-4063-B7C0-F4F0998E66B1}.Release|x86.Build.0 = Release|Any CPU
		{BCF092DD-0ABC-43A6-9632-22D92F83595A}.Debug|Any CPU.ActiveCfg = Debug|Any CPU
		{BCF092DD-0ABC-43A6-9632-22D92F83595A}.Debug|Any CPU.Build.0 = Debug|Any CPU
		{BCF092DD-0ABC-43A6-9632-22D92F83595A}.Debug|x64.ActiveCfg = Debug|Any CPU
		{BCF092DD-0ABC-43A6-9632-22D92F83595A}.Debug|x64.Build.0 = Debug|Any CPU
		{BCF092DD-0ABC-43A6-9632-22D92F83595A}.Debug|x86.ActiveCfg = Debug|Any CPU
		{BCF092DD-0ABC-43A6-9632-22D92F83595A}.Debug|x86.Build.0 = Debug|Any CPU
		{BCF092DD-0ABC-43A6-9632-22D92F83595A}.Release|Any CPU.ActiveCfg = Release|Any CPU
		{BCF092DD-0ABC-43A6-9632-22D92F83595A}.Release|Any CPU.Build.0 = Release|Any CPU
		{BCF092DD-0ABC-43A6-9632-22D92F83595A}.Release|x64.ActiveCfg = Release|Any CPU
		{BCF092DD-0ABC-43A6-9632-22D92F83595A}.Release|x64.Build.0 = Release|Any CPU
		{BCF092DD-0ABC-43A6-9632-22D92F83595A}.Release|x86.ActiveCfg = Release|Any CPU
		{BCF092DD-0ABC-43A6-9632-22D92F83595A}.Release|x86.Build.0 = Release|Any CPU
		{096796A7-9DF8-423E-810A-D05F60117E41}.Debug|Any CPU.ActiveCfg = Debug|Any CPU
		{096796A7-9DF8-423E-810A-D05F60117E41}.Debug|Any CPU.Build.0 = Debug|Any CPU
		{096796A7-9DF8-423E-810A-D05F60117E41}.Debug|x64.ActiveCfg = Debug|Any CPU
		{096796A7-9DF8-423E-810A-D05F60117E41}.Debug|x64.Build.0 = Debug|Any CPU
		{096796A7-9DF8-423E-810A-D05F60117E41}.Debug|x86.ActiveCfg = Debug|Any CPU
		{096796A7-9DF8-423E-810A-D05F60117E41}.Debug|x86.Build.0 = Debug|Any CPU
		{096796A7-9DF8-423E-810A-D05F60117E41}.Release|Any CPU.ActiveCfg = Release|Any CPU
		{096796A7-9DF8-423E-810A-D05F60117E41}.Release|Any CPU.Build.0 = Release|Any CPU
		{096796A7-9DF8-423E-810A-D05F60117E41}.Release|x64.ActiveCfg = Release|Any CPU
		{096796A7-9DF8-423E-810A-D05F60117E41}.Release|x64.Build.0 = Release|Any CPU
		{096796A7-9DF8-423E-810A-D05F60117E41}.Release|x86.ActiveCfg = Release|Any CPU
		{096796A7-9DF8-423E-810A-D05F60117E41}.Release|x86.Build.0 = Release|Any CPU
		{308C258A-677F-4A62-B351-051734B10049}.Debug|Any CPU.ActiveCfg = Debug|Any CPU
		{308C258A-677F-4A62-B351-051734B10049}.Debug|Any CPU.Build.0 = Debug|Any CPU
		{308C258A-677F-4A62-B351-051734B10049}.Debug|x64.ActiveCfg = Debug|Any CPU
		{308C258A-677F-4A62-B351-051734B10049}.Debug|x64.Build.0 = Debug|Any CPU
		{308C258A-677F-4A62-B351-051734B10049}.Debug|x86.ActiveCfg = Debug|Any CPU
		{308C258A-677F-4A62-B351-051734B10049}.Debug|x86.Build.0 = Debug|Any CPU
		{308C258A-677F-4A62-B351-051734B10049}.Release|Any CPU.ActiveCfg = Release|Any CPU
		{308C258A-677F-4A62-B351-051734B10049}.Release|Any CPU.Build.0 = Release|Any CPU
		{308C258A-677F-4A62-B351-051734B10049}.Release|x64.ActiveCfg = Release|Any CPU
		{308C258A-677F-4A62-B351-051734B10049}.Release|x64.Build.0 = Release|Any CPU
		{308C258A-677F-4A62-B351-051734B10049}.Release|x86.ActiveCfg = Release|Any CPU
		{308C258A-677F-4A62-B351-051734B10049}.Release|x86.Build.0 = Release|Any CPU
		{98A3D518-6CBD-4F4F-A931-06A3CDF486B7}.Debug|Any CPU.ActiveCfg = Debug|Any CPU
		{98A3D518-6CBD-4F4F-A931-06A3CDF486B7}.Debug|Any CPU.Build.0 = Debug|Any CPU
		{98A3D518-6CBD-4F4F-A931-06A3CDF486B7}.Debug|x64.ActiveCfg = Debug|Any CPU
		{98A3D518-6CBD-4F4F-A931-06A3CDF486B7}.Debug|x64.Build.0 = Debug|Any CPU
		{98A3D518-6CBD-4F4F-A931-06A3CDF486B7}.Debug|x86.ActiveCfg = Debug|Any CPU
		{98A3D518-6CBD-4F4F-A931-06A3CDF486B7}.Debug|x86.Build.0 = Debug|Any CPU
		{98A3D518-6CBD-4F4F-A931-06A3CDF486B7}.Release|Any CPU.ActiveCfg = Release|Any CPU
		{98A3D518-6CBD-4F4F-A931-06A3CDF486B7}.Release|Any CPU.Build.0 = Release|Any CPU
		{98A3D518-6CBD-4F4F-A931-06A3CDF486B7}.Release|x64.ActiveCfg = Release|Any CPU
		{98A3D518-6CBD-4F4F-A931-06A3CDF486B7}.Release|x64.Build.0 = Release|Any CPU
		{98A3D518-6CBD-4F4F-A931-06A3CDF486B7}.Release|x86.ActiveCfg = Release|Any CPU
		{98A3D518-6CBD-4F4F-A931-06A3CDF486B7}.Release|x86.Build.0 = Release|Any CPU
		{864B7251-5559-487A-BC40-0A05CD86B048}.Debug|Any CPU.ActiveCfg = Debug|Any CPU
		{864B7251-5559-487A-BC40-0A05CD86B048}.Debug|Any CPU.Build.0 = Debug|Any CPU
		{864B7251-5559-487A-BC40-0A05CD86B048}.Debug|x64.ActiveCfg = Debug|Any CPU
		{864B7251-5559-487A-BC40-0A05CD86B048}.Debug|x64.Build.0 = Debug|Any CPU
		{864B7251-5559-487A-BC40-0A05CD86B048}.Debug|x86.ActiveCfg = Debug|Any CPU
		{864B7251-5559-487A-BC40-0A05CD86B048}.Debug|x86.Build.0 = Debug|Any CPU
		{864B7251-5559-487A-BC40-0A05CD86B048}.Release|Any CPU.ActiveCfg = Release|Any CPU
		{864B7251-5559-487A-BC40-0A05CD86B048}.Release|Any CPU.Build.0 = Release|Any CPU
		{864B7251-5559-487A-BC40-0A05CD86B048}.Release|x64.ActiveCfg = Release|Any CPU
		{864B7251-5559-487A-BC40-0A05CD86B048}.Release|x64.Build.0 = Release|Any CPU
		{864B7251-5559-487A-BC40-0A05CD86B048}.Release|x86.ActiveCfg = Release|Any CPU
		{864B7251-5559-487A-BC40-0A05CD86B048}.Release|x86.Build.0 = Release|Any CPU
		{63C681C2-865B-42AD-9D3F-177BFD76B6A4}.Debug|Any CPU.ActiveCfg = Debug|Any CPU
		{63C681C2-865B-42AD-9D3F-177BFD76B6A4}.Debug|Any CPU.Build.0 = Debug|Any CPU
		{63C681C2-865B-42AD-9D3F-177BFD76B6A4}.Debug|x64.ActiveCfg = Debug|Any CPU
		{63C681C2-865B-42AD-9D3F-177BFD76B6A4}.Debug|x64.Build.0 = Debug|Any CPU
		{63C681C2-865B-42AD-9D3F-177BFD76B6A4}.Debug|x86.ActiveCfg = Debug|Any CPU
		{63C681C2-865B-42AD-9D3F-177BFD76B6A4}.Debug|x86.Build.0 = Debug|Any CPU
		{63C681C2-865B-42AD-9D3F-177BFD76B6A4}.Release|Any CPU.ActiveCfg = Release|Any CPU
		{63C681C2-865B-42AD-9D3F-177BFD76B6A4}.Release|Any CPU.Build.0 = Release|Any CPU
		{63C681C2-865B-42AD-9D3F-177BFD76B6A4}.Release|x64.ActiveCfg = Release|Any CPU
		{63C681C2-865B-42AD-9D3F-177BFD76B6A4}.Release|x64.Build.0 = Release|Any CPU
		{63C681C2-865B-42AD-9D3F-177BFD76B6A4}.Release|x86.ActiveCfg = Release|Any CPU
		{63C681C2-865B-42AD-9D3F-177BFD76B6A4}.Release|x86.Build.0 = Release|Any CPU
		{3C4A54CE-308D-4D37-A3B7-D118CF37C9A1}.Debug|Any CPU.ActiveCfg = Debug|Any CPU
		{3C4A54CE-308D-4D37-A3B7-D118CF37C9A1}.Debug|Any CPU.Build.0 = Debug|Any CPU
		{3C4A54CE-308D-4D37-A3B7-D118CF37C9A1}.Debug|x64.ActiveCfg = Debug|Any CPU
		{3C4A54CE-308D-4D37-A3B7-D118CF37C9A1}.Debug|x64.Build.0 = Debug|Any CPU
		{3C4A54CE-308D-4D37-A3B7-D118CF37C9A1}.Debug|x86.ActiveCfg = Debug|Any CPU
		{3C4A54CE-308D-4D37-A3B7-D118CF37C9A1}.Debug|x86.Build.0 = Debug|Any CPU
		{3C4A54CE-308D-4D37-A3B7-D118CF37C9A1}.Release|Any CPU.ActiveCfg = Release|Any CPU
		{3C4A54CE-308D-4D37-A3B7-D118CF37C9A1}.Release|Any CPU.Build.0 = Release|Any CPU
		{3C4A54CE-308D-4D37-A3B7-D118CF37C9A1}.Release|x64.ActiveCfg = Release|Any CPU
		{3C4A54CE-308D-4D37-A3B7-D118CF37C9A1}.Release|x64.Build.0 = Release|Any CPU
		{3C4A54CE-308D-4D37-A3B7-D118CF37C9A1}.Release|x86.ActiveCfg = Release|Any CPU
		{3C4A54CE-308D-4D37-A3B7-D118CF37C9A1}.Release|x86.Build.0 = Release|Any CPU
		{41109AEA-F5B0-4C3B-B17E-F82D84C0F821}.Debug|Any CPU.ActiveCfg = Debug|Any CPU
		{41109AEA-F5B0-4C3B-B17E-F82D84C0F821}.Debug|Any CPU.Build.0 = Debug|Any CPU
		{41109AEA-F5B0-4C3B-B17E-F82D84C0F821}.Debug|x64.ActiveCfg = Debug|Any CPU
		{41109AEA-F5B0-4C3B-B17E-F82D84C0F821}.Debug|x64.Build.0 = Debug|Any CPU
		{41109AEA-F5B0-4C3B-B17E-F82D84C0F821}.Debug|x86.ActiveCfg = Debug|Any CPU
		{41109AEA-F5B0-4C3B-B17E-F82D84C0F821}.Debug|x86.Build.0 = Debug|Any CPU
		{41109AEA-F5B0-4C3B-B17E-F82D84C0F821}.Release|Any CPU.ActiveCfg = Release|Any CPU
		{41109AEA-F5B0-4C3B-B17E-F82D84C0F821}.Release|Any CPU.Build.0 = Release|Any CPU
		{41109AEA-F5B0-4C3B-B17E-F82D84C0F821}.Release|x64.ActiveCfg = Release|Any CPU
		{41109AEA-F5B0-4C3B-B17E-F82D84C0F821}.Release|x64.Build.0 = Release|Any CPU
		{41109AEA-F5B0-4C3B-B17E-F82D84C0F821}.Release|x86.ActiveCfg = Release|Any CPU
		{41109AEA-F5B0-4C3B-B17E-F82D84C0F821}.Release|x86.Build.0 = Release|Any CPU
		{73CADAFD-DCB9-49A5-9F0D-881F7E3C5A97}.Debug|Any CPU.ActiveCfg = Debug|Any CPU
		{73CADAFD-DCB9-49A5-9F0D-881F7E3C5A97}.Debug|Any CPU.Build.0 = Debug|Any CPU
		{73CADAFD-DCB9-49A5-9F0D-881F7E3C5A97}.Debug|x64.ActiveCfg = Debug|Any CPU
		{73CADAFD-DCB9-49A5-9F0D-881F7E3C5A97}.Debug|x64.Build.0 = Debug|Any CPU
		{73CADAFD-DCB9-49A5-9F0D-881F7E3C5A97}.Debug|x86.ActiveCfg = Debug|Any CPU
		{73CADAFD-DCB9-49A5-9F0D-881F7E3C5A97}.Debug|x86.Build.0 = Debug|Any CPU
		{73CADAFD-DCB9-49A5-9F0D-881F7E3C5A97}.Release|Any CPU.ActiveCfg = Release|Any CPU
		{73CADAFD-DCB9-49A5-9F0D-881F7E3C5A97}.Release|Any CPU.Build.0 = Release|Any CPU
		{73CADAFD-DCB9-49A5-9F0D-881F7E3C5A97}.Release|x64.ActiveCfg = Release|Any CPU
		{73CADAFD-DCB9-49A5-9F0D-881F7E3C5A97}.Release|x64.Build.0 = Release|Any CPU
		{73CADAFD-DCB9-49A5-9F0D-881F7E3C5A97}.Release|x86.ActiveCfg = Release|Any CPU
		{73CADAFD-DCB9-49A5-9F0D-881F7E3C5A97}.Release|x86.Build.0 = Release|Any CPU
	EndGlobalSection
	GlobalSection(SolutionProperties) = preSolution
		HideSolutionNode = FALSE
	EndGlobalSection
	GlobalSection(ExtensibilityGlobals) = postSolution
		SolutionGuid = {9734E128-A31A-4DC9-89F0-8D6A08FDF01E}
	EndGlobalSection
EndGlobal
