
Microsoft Visual Studio Solution File, Format Version 12.00
# Visual Studio Version 16
VisualStudioVersion = 16.0.29920.165
MinimumVisualStudioVersion = 10.0.40219.1
Project("{FAE04EC0-301F-11D3-BF4B-00C04F79EFBC}") = "Main", "Main\Main.csproj", "{D993EEC1-3D92-48B3-8667-7C32E2FA298B}"
EndProject
Project("{FAE04EC0-301F-11D3-BF4B-00C04F79EFBC}") = "NavigationTree", "NavigationTree\NavigationTree.csproj", "{F058168A-38B9-45D7-9178-5C2244C06AD3}"
EndProject
Project("{FAE04EC0-301F-11D3-BF4B-00C04F79EFBC}") = "Service", "Service\Service.csproj", "{AAD05D5D-9631-49D6-87EC-539A3C1A4EAF}"
EndProject
Project("{FAE04EC0-301F-11D3-BF4B-00C04F79EFBC}") = "Model", "Model\Model.csproj", "{4CD65271-366E-41EF-A719-AFE64A3A2602}"
EndProject
Global
	GlobalSection(SolutionConfigurationPlatforms) = preSolution
		Debug|Any CPU = Debug|Any CPU
		Release|Any CPU = Release|Any CPU
	EndGlobalSection
	GlobalSection(ProjectConfigurationPlatforms) = postSolution
		{D993EEC1-3D92-48B3-8667-7C32E2FA298B}.Debug|Any CPU.ActiveCfg = Debug|Any CPU
		{D993EEC1-3D92-48B3-8667-7C32E2FA298B}.Debug|Any CPU.Build.0 = Debug|Any CPU
		{D993EEC1-3D92-48B3-8667-7C32E2FA298B}.Release|Any CPU.ActiveCfg = Release|Any CPU
		{D993EEC1-3D92-48B3-8667-7C32E2FA298B}.Release|Any CPU.Build.0 = Release|Any CPU
		{F058168A-38B9-45D7-9178-5C2244C06AD3}.Debug|Any CPU.ActiveCfg = Debug|Any CPU
		{F058168A-38B9-45D7-9178-5C2244C06AD3}.Debug|Any CPU.Build.0 = Debug|Any CPU
		{F058168A-38B9-45D7-9178-5C2244C06AD3}.Release|Any CPU.ActiveCfg = Release|Any CPU
		{F058168A-38B9-45D7-9178-5C2244C06AD3}.Release|Any CPU.Build.0 = Release|Any CPU
		{AAD05D5D-9631-49D6-87EC-539A3C1A4EAF}.Debug|Any CPU.ActiveCfg = Debug|Any CPU
		{AAD05D5D-9631-49D6-87EC-539A3C1A4EAF}.Debug|Any CPU.Build.0 = Debug|Any CPU
		{AAD05D5D-9631-49D6-87EC-539A3C1A4EAF}.Release|Any CPU.ActiveCfg = Release|Any CPU
		{AAD05D5D-9631-49D6-87EC-539A3C1A4EAF}.Release|Any CPU.Build.0 = Release|Any CPU
		{4CD65271-366E-41EF-A719-AFE64A3A2602}.Debug|Any CPU.ActiveCfg = Debug|Any CPU
		{4CD65271-366E-41EF-A719-AFE64A3A2602}.Debug|Any CPU.Build.0 = Debug|Any CPU
		{4CD65271-366E-41EF-A719-AFE64A3A2602}.Release|Any CPU.ActiveCfg = Release|Any CPU
		{4CD65271-366E-41EF-A719-AFE64A3A2602}.Release|Any CPU.Build.0 = Release|Any CPU
	EndGlobalSection
	GlobalSection(SolutionProperties) = preSolution
		HideSolutionNode = FALSE
	EndGlobalSection
	GlobalSection(ExtensibilityGlobals) = postSolution
		SolutionGuid = {8EA23E07-46A4-4FAD-B04E-6A8B034F71CC}
	EndGlobalSection
EndGlobal
