
Microsoft Visual Studio Solution File, Format Version 12.00
# Visual Studio Version 16
VisualStudioVersion = 16.0.29920.165
MinimumVisualStudioVersion = 10.0.40219.1
Project("{9A19103F-16F7-4668-BE54-9A1E7A4F7556}") = "Sample1", "Sample1.csproj", "{119885D2-3846-44FF-A978-CBEC868FDE21}"
EndProject
Project("{FAE04EC0-301F-11D3-BF4B-00C04F79EFBC}") = "EditorView", "EditorView\EditorView.csproj", "{2A7D8968-5E22-4C76-BA43-C6E67B720919}"
EndProject
Global
	GlobalSection(SolutionConfigurationPlatforms) = preSolution
		Debug|Any CPU = Debug|Any CPU
		Release|Any CPU = Release|Any CPU
	EndGlobalSection
	GlobalSection(ProjectConfigurationPlatforms) = postSolution
		{119885D2-3846-44FF-A978-CBEC868FDE21}.Debug|Any CPU.ActiveCfg = Debug|Any CPU
		{119885D2-3846-44FF-A978-CBEC868FDE21}.Debug|Any CPU.Build.0 = Debug|Any CPU
		{119885D2-3846-44FF-A978-CBEC868FDE21}.Release|Any CPU.ActiveCfg = Release|Any CPU
		{119885D2-3846-44FF-A978-CBEC868FDE21}.Release|Any CPU.Build.0 = Release|Any CPU
		{2A7D8968-5E22-4C76-BA43-C6E67B720919}.Debug|Any CPU.ActiveCfg = Debug|Any CPU
		{2A7D8968-5E22-4C76-BA43-C6E67B720919}.Debug|Any CPU.Build.0 = Debug|Any CPU
		{2A7D8968-5E22-4C76-BA43-C6E67B720919}.Release|Any CPU.ActiveCfg = Release|Any CPU
		{2A7D8968-5E22-4C76-BA43-C6E67B720919}.Release|Any CPU.Build.0 = Release|Any CPU
	EndGlobalSection
	GlobalSection(SolutionProperties) = preSolution
		HideSolutionNode = FALSE
	EndGlobalSection
	GlobalSection(ExtensibilityGlobals) = postSolution
		SolutionGuid = {2C50F4C0-4B1A-4F04-8B9B-251E35AA62FE}
	EndGlobalSection
EndGlobal
